
Microsoft Visual Studio Solution File, Format Version 12.00
# Visual Studio 15
Project("{FAE04EC0-301F-11D3-BF4B-00C04F79EFBC}") = "BumpinAPI", "BumpinAPI\BumpinAPI.csproj", "{F2317BDD-E493-4DEA-BC39-8CF2F1CD3ED1}"
EndProject
Global
	GlobalSection(SolutionConfigurationPlatforms) = preSolution
		Debug|Any CPU = Debug|Any CPU
		Release|Any CPU = Release|Any CPU
	EndGlobalSection
	GlobalSection(ProjectConfigurationPlatforms) = postSolution
		{F2317BDD-E493-4DEA-BC39-8CF2F1CD3ED1}.Debug|Any CPU.ActiveCfg = Debug|Any CPU
		{F2317BDD-E493-4DEA-BC39-8CF2F1CD3ED1}.Debug|Any CPU.Build.0 = Debug|Any CPU
		{F2317BDD-E493-4DEA-BC39-8CF2F1CD3ED1}.Release|Any CPU.ActiveCfg = Release|Any CPU
		{F2317BDD-E493-4DEA-BC39-8CF2F1CD3ED1}.Release|Any CPU.Build.0 = Release|Any CPU
	EndGlobalSection
EndGlobal
